
Microsoft Visual Studio Solution File, Format Version 12.00
# Visual Studio Version 17
VisualStudioVersion = 17.6.33829.357
MinimumVisualStudioVersion = 10.0.40219.1
Project("{FAE04EC0-301F-11D3-BF4B-00C04F79EFBC}") = "RealEstateCourse-TopLearn", "RealEstateCourse-TopLearn\RealEstateCourse-TopLearn.csproj", "{2EC71285-3CE4-4973-BE74-3F20D9486EE5}"
EndProject
Global
	GlobalSection(SolutionConfigurationPlatforms) = preSolution
		Debug|Any CPU = Debug|Any CPU
		Release|Any CPU = Release|Any CPU
	EndGlobalSection
	GlobalSection(ProjectConfigurationPlatforms) = postSolution
		{2EC71285-3CE4-4973-BE74-3F20D9486EE5}.Debug|Any CPU.ActiveCfg = Debug|Any CPU
		{2EC71285-3CE4-4973-BE74-3F20D9486EE5}.Debug|Any CPU.Build.0 = Debug|Any CPU
		{2EC71285-3CE4-4973-BE74-3F20D9486EE5}.Release|Any CPU.ActiveCfg = Release|Any CPU
		{2EC71285-3CE4-4973-BE74-3F20D9486EE5}.Release|Any CPU.Build.0 = Release|Any CPU
	EndGlobalSection
	GlobalSection(SolutionProperties) = preSolution
		HideSolutionNode = FALSE
	EndGlobalSection
	GlobalSection(ExtensibilityGlobals) = postSolution
		SolutionGuid = {130EFC87-98AA-4A40-8F71-37831B273F4F}
	EndGlobalSection
EndGlobal
